// !$*UTF8*$!
{
	archiveVersion = 1;
	classes = {
	};
	objectVersion = 51;
	objects = {

/* Begin PBXBuildFile section */
		2F85192A25E052C2001B199F /* AppDelegate.swift in Sources */ = {isa = PBXBuildFile; fileRef = 2F85192925E052C2001B199F /* AppDelegate.swift */; };
		2F85192C25E052C2001B199F /* SceneDelegate.swift in Sources */ = {isa = PBXBuildFile; fileRef = 2F85192B25E052C2001B199F /* SceneDelegate.swift */; };
		2F85193125E052C2001B199F /* Main.storyboard in Resources */ = {isa = PBXBuildFile; fileRef = 2F85192F25E052C2001B199F /* Main.storyboard */; };
		2F85193325E052C3001B199F /* Assets.xcassets in Resources */ = {isa = PBXBuildFile; fileRef = 2F85193225E052C3001B199F /* Assets.xcassets */; };
		2F85193625E052C3001B199F /* LaunchScreen.storyboard in Resources */ = {isa = PBXBuildFile; fileRef = 2F85193425E052C3001B199F /* LaunchScreen.storyboard */; };
		2F85194125E052C3001B199F /* FLIXTests.swift in Sources */ = {isa = PBXBuildFile; fileRef = 2F85194025E052C3001B199F /* FLIXTests.swift */; };
		2F85194C25E052C3001B199F /* FLIXUITests.swift in Sources */ = {isa = PBXBuildFile; fileRef = 2F85194B25E052C3001B199F /* FLIXUITests.swift */; };
		2F85196025E0536D001B199F /* MoviesViewController.swift in Sources */ = {isa = PBXBuildFile; fileRef = 2F85195F25E0536D001B199F /* MoviesViewController.swift */; };
		2F85196525E05DFA001B199F /* MovieCell.swift in Sources */ = {isa = PBXBuildFile; fileRef = 2F85196425E05DFA001B199F /* MovieCell.swift */; };
		2F930C6325E60CF600880EEF /* MovieDetailsViewController.swift in Sources */ = {isa = PBXBuildFile; fileRef = 2F930C6225E60CF600880EEF /* MovieDetailsViewController.swift */; };
		2F930C7F25E832B800880EEF /* MovieGridViewController.swift in Sources */ = {isa = PBXBuildFile; fileRef = 2F930C7E25E832B800880EEF /* MovieGridViewController.swift */; };
		2F930C8425E8388100880EEF /* MovieGridCell.swift in Sources */ = {isa = PBXBuildFile; fileRef = 2F930C8325E8388100880EEF /* MovieGridCell.swift */; };
		7E3AC784534F31098C50EBA4 /* Pods_FLIXTests.framework in Frameworks */ = {isa = PBXBuildFile; fileRef = 80842751D0D441F63385F620 /* Pods_FLIXTests.framework */; };
		EA4B1428DB71F9FC8D15555D /* Pods_FLIX_FLIXUITests.framework in Frameworks */ = {isa = PBXBuildFile; fileRef = 024195F276A186B6D9AC77EF /* Pods_FLIX_FLIXUITests.framework */; };
		FD7C8BA90470B70FC589F873 /* Pods_FLIX.framework in Frameworks */ = {isa = PBXBuildFile; fileRef = 1931AFD7B73B880E20043C0C /* Pods_FLIX.framework */; };
/* End PBXBuildFile section */

/* Begin PBXContainerItemProxy section */
		2F85193D25E052C3001B199F /* PBXContainerItemProxy */ = {
			isa = PBXContainerItemProxy;
			containerPortal = 2F85191E25E052C2001B199F /* Project object */;
			proxyType = 1;
			remoteGlobalIDString = 2F85192525E052C2001B199F;
			remoteInfo = FLIX;
		};
		2F85194825E052C3001B199F /* PBXContainerItemProxy */ = {
			isa = PBXContainerItemProxy;
			containerPortal = 2F85191E25E052C2001B199F /* Project object */;
			proxyType = 1;
			remoteGlobalIDString = 2F85192525E052C2001B199F;
			remoteInfo = FLIX;
		};
/* End PBXContainerItemProxy section */

/* Begin PBXFileReference section */
		024195F276A186B6D9AC77EF /* Pods_FLIX_FLIXUITests.framework */ = {isa = PBXFileReference; explicitFileType = wrapper.framework; includeInIndex = 0; path = Pods_FLIX_FLIXUITests.framework; sourceTree = BUILT_PRODUCTS_DIR; };
		15B93EC265574C22A0137B33 /* Pods-FLIXTests.release.xcconfig */ = {isa = PBXFileReference; includeInIndex = 1; lastKnownFileType = text.xcconfig; name = "Pods-FLIXTests.release.xcconfig"; path = "Target Support Files/Pods-FLIXTests/Pods-FLIXTests.release.xcconfig"; sourceTree = "<group>"; };
		1931AFD7B73B880E20043C0C /* Pods_FLIX.framework */ = {isa = PBXFileReference; explicitFileType = wrapper.framework; includeInIndex = 0; path = Pods_FLIX.framework; sourceTree = BUILT_PRODUCTS_DIR; };
		2F85192625E052C2001B199F /* FLIX.app */ = {isa = PBXFileReference; explicitFileType = wrapper.application; includeInIndex = 0; path = FLIX.app; sourceTree = BUILT_PRODUCTS_DIR; };
		2F85192925E052C2001B199F /* AppDelegate.swift */ = {isa = PBXFileReference; lastKnownFileType = sourcecode.swift; path = AppDelegate.swift; sourceTree = "<group>"; };
		2F85192B25E052C2001B199F /* SceneDelegate.swift */ = {isa = PBXFileReference; lastKnownFileType = sourcecode.swift; path = SceneDelegate.swift; sourceTree = "<group>"; };
		2F85193025E052C2001B199F /* Base */ = {isa = PBXFileReference; lastKnownFileType = file.storyboard; name = Base; path = Base.lproj/Main.storyboard; sourceTree = "<group>"; };
		2F85193225E052C3001B199F /* Assets.xcassets */ = {isa = PBXFileReference; lastKnownFileType = folder.assetcatalog; path = Assets.xcassets; sourceTree = "<group>"; };
		2F85193525E052C3001B199F /* Base */ = {isa = PBXFileReference; lastKnownFileType = file.storyboard; name = Base; path = Base.lproj/LaunchScreen.storyboard; sourceTree = "<group>"; };
		2F85193725E052C3001B199F /* Info.plist */ = {isa = PBXFileReference; lastKnownFileType = text.plist.xml; path = Info.plist; sourceTree = "<group>"; };
		2F85193C25E052C3001B199F /* FLIXTests.xctest */ = {isa = PBXFileReference; explicitFileType = wrapper.cfbundle; includeInIndex = 0; path = FLIXTests.xctest; sourceTree = BUILT_PRODUCTS_DIR; };
		2F85194025E052C3001B199F /* FLIXTests.swift */ = {isa = PBXFileReference; lastKnownFileType = sourcecode.swift; path = FLIXTests.swift; sourceTree = "<group>"; };
		2F85194225E052C3001B199F /* Info.plist */ = {isa = PBXFileReference; lastKnownFileType = text.plist.xml; path = Info.plist; sourceTree = "<group>"; };
		2F85194725E052C3001B199F /* FLIXUITests.xctest */ = {isa = PBXFileReference; explicitFileType = wrapper.cfbundle; includeInIndex = 0; path = FLIXUITests.xctest; sourceTree = BUILT_PRODUCTS_DIR; };
		2F85194B25E052C3001B199F /* FLIXUITests.swift */ = {isa = PBXFileReference; lastKnownFileType = sourcecode.swift; path = FLIXUITests.swift; sourceTree = "<group>"; };
		2F85194D25E052C3001B199F /* Info.plist */ = {isa = PBXFileReference; lastKnownFileType = text.plist.xml; path = Info.plist; sourceTree = "<group>"; };
		2F85195F25E0536D001B199F /* MoviesViewController.swift */ = {isa = PBXFileReference; lastKnownFileType = sourcecode.swift; path = MoviesViewController.swift; sourceTree = "<group>"; };
		2F85196425E05DFA001B199F /* MovieCell.swift */ = {isa = PBXFileReference; lastKnownFileType = sourcecode.swift; path = MovieCell.swift; sourceTree = "<group>"; };
		2F930C6225E60CF600880EEF /* MovieDetailsViewController.swift */ = {isa = PBXFileReference; lastKnownFileType = sourcecode.swift; path = MovieDetailsViewController.swift; sourceTree = "<group>"; };
		2F930C7E25E832B800880EEF /* MovieGridViewController.swift */ = {isa = PBXFileReference; lastKnownFileType = sourcecode.swift; path = MovieGridViewController.swift; sourceTree = "<group>"; };
		2F930C8325E8388100880EEF /* MovieGridCell.swift */ = {isa = PBXFileReference; lastKnownFileType = sourcecode.swift; path = MovieGridCell.swift; sourceTree = "<group>"; };
		50317B8749033D338F39D10C /* Pods-FLIXTests.debug.xcconfig */ = {isa = PBXFileReference; includeInIndex = 1; lastKnownFileType = text.xcconfig; name = "Pods-FLIXTests.debug.xcconfig"; path = "Target Support Files/Pods-FLIXTests/Pods-FLIXTests.debug.xcconfig"; sourceTree = "<group>"; };
		80842751D0D441F63385F620 /* Pods_FLIXTests.framework */ = {isa = PBXFileReference; explicitFileType = wrapper.framework; includeInIndex = 0; path = Pods_FLIXTests.framework; sourceTree = BUILT_PRODUCTS_DIR; };
		A11AA14885E8ECF4DFB341D3 /* Pods-FLIX.debug.xcconfig */ = {isa = PBXFileReference; includeInIndex = 1; lastKnownFileType = text.xcconfig; name = "Pods-FLIX.debug.xcconfig"; path = "Target Support Files/Pods-FLIX/Pods-FLIX.debug.xcconfig"; sourceTree = "<group>"; };
		C2C3A9FD6B5EA47C5B675A15 /* Pods-FLIX-FLIXUITests.release.xcconfig */ = {isa = PBXFileReference; includeInIndex = 1; lastKnownFileType = text.xcconfig; name = "Pods-FLIX-FLIXUITests.release.xcconfig"; path = "Target Support Files/Pods-FLIX-FLIXUITests/Pods-FLIX-FLIXUITests.release.xcconfig"; sourceTree = "<group>"; };
		F5D6D27088CC9D333693E90E /* Pods-FLIX.release.xcconfig */ = {isa = PBXFileReference; includeInIndex = 1; lastKnownFileType = text.xcconfig; name = "Pods-FLIX.release.xcconfig"; path = "Target Support Files/Pods-FLIX/Pods-FLIX.release.xcconfig"; sourceTree = "<group>"; };
		F5FC99D825F23FA8025C7EF0 /* Pods-FLIX-FLIXUITests.debug.xcconfig */ = {isa = PBXFileReference; includeInIndex = 1; lastKnownFileType = text.xcconfig; name = "Pods-FLIX-FLIXUITests.debug.xcconfig"; path = "Target Support Files/Pods-FLIX-FLIXUITests/Pods-FLIX-FLIXUITests.debug.xcconfig"; sourceTree = "<group>"; };
/* End PBXFileReference section */

/* Begin PBXFrameworksBuildPhase section */
		2F85192325E052C2001B199F /* Frameworks */ = {
			isa = PBXFrameworksBuildPhase;
			buildActionMask = 2147483647;
			files = (
				FD7C8BA90470B70FC589F873 /* Pods_FLIX.framework in Frameworks */,
			);
			runOnlyForDeploymentPostprocessing = 0;
		};
		2F85193925E052C3001B199F /* Frameworks */ = {
			isa = PBXFrameworksBuildPhase;
			buildActionMask = 2147483647;
			files = (
				7E3AC784534F31098C50EBA4 /* Pods_FLIXTests.framework in Frameworks */,
			);
			runOnlyForDeploymentPostprocessing = 0;
		};
		2F85194425E052C3001B199F /* Frameworks */ = {
			isa = PBXFrameworksBuildPhase;
			buildActionMask = 2147483647;
			files = (
				EA4B1428DB71F9FC8D15555D /* Pods_FLIX_FLIXUITests.framework in Frameworks */,
			);
			runOnlyForDeploymentPostprocessing = 0;
		};
/* End PBXFrameworksBuildPhase section */

/* Begin PBXGroup section */
		2F85191D25E052C2001B199F = {
			isa = PBXGroup;
			children = (
				2F85192825E052C2001B199F /* FLIX */,
				2F85193F25E052C3001B199F /* FLIXTests */,
				2F85194A25E052C3001B199F /* FLIXUITests */,
				2F85192725E052C2001B199F /* Products */,
				E72615E6B1AA939A7A688A3E /* Pods */,
				DD13B7C90CA6571D4B581337 /* Frameworks */,
			);
			sourceTree = "<group>";
		};
		2F85192725E052C2001B199F /* Products */ = {
			isa = PBXGroup;
			children = (
				2F85192625E052C2001B199F /* FLIX.app */,
				2F85193C25E052C3001B199F /* FLIXTests.xctest */,
				2F85194725E052C3001B199F /* FLIXUITests.xctest */,
			);
			name = Products;
			sourceTree = "<group>";
		};
		2F85192825E052C2001B199F /* FLIX */ = {
			isa = PBXGroup;
			children = (
				2F85192925E052C2001B199F /* AppDelegate.swift */,
				2F85192B25E052C2001B199F /* SceneDelegate.swift */,
				2F85192F25E052C2001B199F /* Main.storyboard */,
				2F85193225E052C3001B199F /* Assets.xcassets */,
				2F85193425E052C3001B199F /* LaunchScreen.storyboard */,
				2F85193725E052C3001B199F /* Info.plist */,
				2F85195F25E0536D001B199F /* MoviesViewController.swift */,
				2F85196425E05DFA001B199F /* MovieCell.swift */,
				2F930C6225E60CF600880EEF /* MovieDetailsViewController.swift */,
				2F930C7E25E832B800880EEF /* MovieGridViewController.swift */,
				2F930C8325E8388100880EEF /* MovieGridCell.swift */,
			);
			path = FLIX;
			sourceTree = "<group>";
		};
		2F85193F25E052C3001B199F /* FLIXTests */ = {
			isa = PBXGroup;
			children = (
				2F85194025E052C3001B199F /* FLIXTests.swift */,
				2F85194225E052C3001B199F /* Info.plist */,
			);
			path = FLIXTests;
			sourceTree = "<group>";
		};
		2F85194A25E052C3001B199F /* FLIXUITests */ = {
			isa = PBXGroup;
			children = (
				2F85194B25E052C3001B199F /* FLIXUITests.swift */,
				2F85194D25E052C3001B199F /* Info.plist */,
			);
			path = FLIXUITests;
			sourceTree = "<group>";
		};
		DD13B7C90CA6571D4B581337 /* Frameworks */ = {
			isa = PBXGroup;
			children = (
				1931AFD7B73B880E20043C0C /* Pods_FLIX.framework */,
				024195F276A186B6D9AC77EF /* Pods_FLIX_FLIXUITests.framework */,
				80842751D0D441F63385F620 /* Pods_FLIXTests.framework */,
			);
			name = Frameworks;
			sourceTree = "<group>";
		};
		E72615E6B1AA939A7A688A3E /* Pods */ = {
			isa = PBXGroup;
			children = (
				A11AA14885E8ECF4DFB341D3 /* Pods-FLIX.debug.xcconfig */,
				F5D6D27088CC9D333693E90E /* Pods-FLIX.release.xcconfig */,
				F5FC99D825F23FA8025C7EF0 /* Pods-FLIX-FLIXUITests.debug.xcconfig */,
				C2C3A9FD6B5EA47C5B675A15 /* Pods-FLIX-FLIXUITests.release.xcconfig */,
				50317B8749033D338F39D10C /* Pods-FLIXTests.debug.xcconfig */,
				15B93EC265574C22A0137B33 /* Pods-FLIXTests.release.xcconfig */,
			);
			path = Pods;
			sourceTree = "<group>";
		};
/* End PBXGroup section */

/* Begin PBXNativeTarget section */
		2F85192525E052C2001B199F /* FLIX */ = {
			isa = PBXNativeTarget;
			buildConfigurationList = 2F85195025E052C3001B199F /* Build configuration list for PBXNativeTarget "FLIX" */;
			buildPhases = (
				EB412695B94DDDA01EE01372 /* [CP] Check Pods Manifest.lock */,
				2F85192225E052C2001B199F /* Sources */,
				2F85192325E052C2001B199F /* Frameworks */,
				2F85192425E052C2001B199F /* Resources */,
				B2E06EC4597ACE2085C3338F /* [CP] Embed Pods Frameworks */,
			);
			buildRules = (
			);
			dependencies = (
			);
			name = FLIX;
			productName = FLIX;
			productReference = 2F85192625E052C2001B199F /* FLIX.app */;
			productType = "com.apple.product-type.application";
		};
		2F85193B25E052C3001B199F /* FLIXTests */ = {
			isa = PBXNativeTarget;
			buildConfigurationList = 2F85195325E052C3001B199F /* Build configuration list for PBXNativeTarget "FLIXTests" */;
			buildPhases = (
				622673AB3D75793D5842C08F /* [CP] Check Pods Manifest.lock */,
				2F85193825E052C3001B199F /* Sources */,
				2F85193925E052C3001B199F /* Frameworks */,
				2F85193A25E052C3001B199F /* Resources */,
			);
			buildRules = (
			);
			dependencies = (
				2F85193E25E052C3001B199F /* PBXTargetDependency */,
			);
			name = FLIXTests;
			productName = FLIXTests;
			productReference = 2F85193C25E052C3001B199F /* FLIXTests.xctest */;
			productType = "com.apple.product-type.bundle.unit-test";
		};
		2F85194625E052C3001B199F /* FLIXUITests */ = {
			isa = PBXNativeTarget;
			buildConfigurationList = 2F85195625E052C3001B199F /* Build configuration list for PBXNativeTarget "FLIXUITests" */;
			buildPhases = (
				6B8FC0136C50DFF5EBEE825E /* [CP] Check Pods Manifest.lock */,
				2F85194325E052C3001B199F /* Sources */,
				2F85194425E052C3001B199F /* Frameworks */,
				2F85194525E052C3001B199F /* Resources */,
				C0F546C33A1CB478BA2848F9 /* [CP] Embed Pods Frameworks */,
			);
			buildRules = (
			);
			dependencies = (
				2F85194925E052C3001B199F /* PBXTargetDependency */,
			);
			name = FLIXUITests;
			productName = FLIXUITests;
			productReference = 2F85194725E052C3001B199F /* FLIXUITests.xctest */;
			productType = "com.apple.product-type.bundle.ui-testing";
		};
/* End PBXNativeTarget section */

/* Begin PBXProject section */
		2F85191E25E052C2001B199F /* Project object */ = {
			isa = PBXProject;
			attributes = {
				LastSwiftUpdateCheck = 1240;
				LastUpgradeCheck = 1240;
				TargetAttributes = {
					2F85192525E052C2001B199F = {
						CreatedOnToolsVersion = 12.4;
					};
					2F85193B25E052C3001B199F = {
						CreatedOnToolsVersion = 12.4;
						TestTargetID = 2F85192525E052C2001B199F;
					};
					2F85194625E052C3001B199F = {
						CreatedOnToolsVersion = 12.4;
						TestTargetID = 2F85192525E052C2001B199F;
					};
				};
			};
			buildConfigurationList = 2F85192125E052C2001B199F /* Build configuration list for PBXProject "FLIX" */;
			compatibilityVersion = "Xcode 9.3";
			developmentRegion = en;
			hasScannedForEncodings = 0;
			knownRegions = (
				en,
				Base,
			);
			mainGroup = 2F85191D25E052C2001B199F;
			productRefGroup = 2F85192725E052C2001B199F /* Products */;
			projectDirPath = "";
			projectRoot = "";
			targets = (
				2F85192525E052C2001B199F /* FLIX */,
				2F85193B25E052C3001B199F /* FLIXTests */,
				2F85194625E052C3001B199F /* FLIXUITests */,
			);
		};
/* End PBXProject section */

/* Begin PBXResourcesBuildPhase section */
		2F85192425E052C2001B199F /* Resources */ = {
			isa = PBXResourcesBuildPhase;
			buildActionMask = 2147483647;
			files = (
				2F85193625E052C3001B199F /* LaunchScreen.storyboard in Resources */,
				2F85193325E052C3001B199F /* Assets.xcassets in Resources */,
				2F85193125E052C2001B199F /* Main.storyboard in Resources */,
			);
			runOnlyForDeploymentPostprocessing = 0;
		};
		2F85193A25E052C3001B199F /* Resources */ = {
			isa = PBXResourcesBuildPhase;
			buildActionMask = 2147483647;
			files = (
			);
			runOnlyForDeploymentPostprocessing = 0;
		};
		2F85194525E052C3001B199F /* Resources */ = {
			isa = PBXResourcesBuildPhase;
			buildActionMask = 2147483647;
			files = (
			);
			runOnlyForDeploymentPostprocessing = 0;
		};
/* End PBXResourcesBuildPhase section */

/* Begin PBXShellScriptBuildPhase section */
		622673AB3D75793D5842C08F /* [CP] Check Pods Manifest.lock */ = {
			isa = PBXShellScriptBuildPhase;
			buildActionMask = 2147483647;
			files = (
			);
			inputFileListPaths = (
			);
			inputPaths = (
				"${PODS_PODFILE_DIR_PATH}/Podfile.lock",
				"${PODS_ROOT}/Manifest.lock",
			);
			name = "[CP] Check Pods Manifest.lock";
			outputFileListPaths = (
			);
			outputPaths = (
				"$(DERIVED_FILE_DIR)/Pods-FLIXTests-checkManifestLockResult.txt",
			);
			runOnlyForDeploymentPostprocessing = 0;
			shellPath = /bin/sh;
			shellScript = "diff \"${PODS_PODFILE_DIR_PATH}/Podfile.lock\" \"${PODS_ROOT}/Manifest.lock\" > /dev/null\nif [ $? != 0 ] ; then\n    # print error to STDERR\n    echo \"error: The sandbox is not in sync with the Podfile.lock. Run 'pod install' or update your CocoaPods installation.\" >&2\n    exit 1\nfi\n# This output is used by Xcode 'outputs' to avoid re-running this script phase.\necho \"SUCCESS\" > \"${SCRIPT_OUTPUT_FILE_0}\"\n";
			showEnvVarsInLog = 0;
		};
		6B8FC0136C50DFF5EBEE825E /* [CP] Check Pods Manifest.lock */ = {
			isa = PBXShellScriptBuildPhase;
			buildActionMask = 2147483647;
			files = (
			);
			inputFileListPaths = (
			);
			inputPaths = (
				"${PODS_PODFILE_DIR_PATH}/Podfile.lock",
				"${PODS_ROOT}/Manifest.lock",
			);
			name = "[CP] Check Pods Manifest.lock";
			outputFileListPaths = (
			);
			outputPaths = (
				"$(DERIVED_FILE_DIR)/Pods-FLIX-FLIXUITests-checkManifestLockResult.txt",
			);
			runOnlyForDeploymentPostprocessing = 0;
			shellPath = /bin/sh;
			shellScript = "diff \"${PODS_PODFILE_DIR_PATH}/Podfile.lock\" \"${PODS_ROOT}/Manifest.lock\" > /dev/null\nif [ $? != 0 ] ; then\n    # print error to STDERR\n    echo \"error: The sandbox is not in sync with the Podfile.lock. Run 'pod install' or update your CocoaPods installation.\" >&2\n    exit 1\nfi\n# This output is used by Xcode 'outputs' to avoid re-running this script phase.\necho \"SUCCESS\" > \"${SCRIPT_OUTPUT_FILE_0}\"\n";
			showEnvVarsInLog = 0;
		};
		B2E06EC4597ACE2085C3338F /* [CP] Embed Pods Frameworks */ = {
			isa = PBXShellScriptBuildPhase;
			buildActionMask = 2147483647;
			files = (
			);
			inputFileListPaths = (
				"${PODS_ROOT}/Target Support Files/Pods-FLIX/Pods-FLIX-frameworks-${CONFIGURATION}-input-files.xcfilelist",
			);
			name = "[CP] Embed Pods Frameworks";
			outputFileListPaths = (
				"${PODS_ROOT}/Target Support Files/Pods-FLIX/Pods-FLIX-frameworks-${CONFIGURATION}-output-files.xcfilelist",
			);
			runOnlyForDeploymentPostprocessing = 0;
			shellPath = /bin/sh;
			shellScript = "\"${PODS_ROOT}/Target Support Files/Pods-FLIX/Pods-FLIX-frameworks.sh\"\n";
			showEnvVarsInLog = 0;
		};
		C0F546C33A1CB478BA2848F9 /* [CP] Embed Pods Frameworks */ = {
			isa = PBXShellScriptBuildPhase;
			buildActionMask = 2147483647;
			files = (
			);
			inputFileListPaths = (
				"${PODS_ROOT}/Target Support Files/Pods-FLIX-FLIXUITests/Pods-FLIX-FLIXUITests-frameworks-${CONFIGURATION}-input-files.xcfilelist",
			);
			name = "[CP] Embed Pods Frameworks";
			outputFileListPaths = (
				"${PODS_ROOT}/Target Support Files/Pods-FLIX-FLIXUITests/Pods-FLIX-FLIXUITests-frameworks-${CONFIGURATION}-output-files.xcfilelist",
			);
			runOnlyForDeploymentPostprocessing = 0;
			shellPath = /bin/sh;
			shellScript = "\"${PODS_ROOT}/Target Support Files/Pods-FLIX-FLIXUITests/Pods-FLIX-FLIXUITests-frameworks.sh\"\n";
			showEnvVarsInLog = 0;
		};
		EB412695B94DDDA01EE01372 /* [CP] Check Pods Manifest.lock */ = {
			isa = PBXShellScriptBuildPhase;
			buildActionMask = 2147483647;
			files = (
			);
			inputFileListPaths = (
			);
			inputPaths = (
				"${PODS_PODFILE_DIR_PATH}/Podfile.lock",
				"${PODS_ROOT}/Manifest.lock",
			);
			name = "[CP] Check Pods Manifest.lock";
			outputFileListPaths = (
			);
			outputPaths = (
				"$(DERIVED_FILE_DIR)/Pods-FLIX-checkManifestLockResult.txt",
			);
			runOnlyForDeploymentPostprocessing = 0;
			shellPath = /bin/sh;
			shellScript = "diff \"${PODS_PODFILE_DIR_PATH}/Podfile.lock\" \"${PODS_ROOT}/Manifest.lock\" > /dev/null\nif [ $? != 0 ] ; then\n    # print error to STDERR\n    echo \"error: The sandbox is not in sync with the Podfile.lock. Run 'pod install' or update your CocoaPods installation.\" >&2\n    exit 1\nfi\n# This output is used by Xcode 'outputs' to avoid re-running this script phase.\necho \"SUCCESS\" > \"${SCRIPT_OUTPUT_FILE_0}\"\n";
			showEnvVarsInLog = 0;
		};
/* End PBXShellScriptBuildPhase section */

/* Begin PBXSourcesBuildPhase section */
		2F85192225E052C2001B199F /* Sources */ = {
			isa = PBXSourcesBuildPhase;
			buildActionMask = 2147483647;
			files = (
				2F930C6325E60CF600880EEF /* MovieDetailsViewController.swift in Sources */,
				2F85192A25E052C2001B199F /* AppDelegate.swift in Sources */,
				2F85192C25E052C2001B199F /* SceneDelegate.swift in Sources */,
				2F85196525E05DFA001B199F /* MovieCell.swift in Sources */,
				2F85196025E0536D001B199F /* MoviesViewController.swift in Sources */,
				2F930C7F25E832B800880EEF /* MovieGridViewController.swift in Sources */,
				2F930C8425E8388100880EEF /* MovieGridCell.swift in Sources */,
			);
			runOnlyForDeploymentPostprocessing = 0;
		};
		2F85193825E052C3001B199F /* Sources */ = {
			isa = PBXSourcesBuildPhase;
			buildActionMask = 2147483647;
			files = (
				2F85194125E052C3001B199F /* FLIXTests.swift in Sources */,
			);
			runOnlyForDeploymentPostprocessing = 0;
		};
		2F85194325E052C3001B199F /* Sources */ = {
			isa = PBXSourcesBuildPhase;
			buildActionMask = 2147483647;
			files = (
				2F85194C25E052C3001B199F /* FLIXUITests.swift in Sources */,
			);
			runOnlyForDeploymentPostprocessing = 0;
		};
/* End PBXSourcesBuildPhase section */

/* Begin PBXTargetDependency section */
		2F85193E25E052C3001B199F /* PBXTargetDependency */ = {
			isa = PBXTargetDependency;
			target = 2F85192525E052C2001B199F /* FLIX */;
			targetProxy = 2F85193D25E052C3001B199F /* PBXContainerItemProxy */;
		};
		2F85194925E052C3001B199F /* PBXTargetDependency */ = {
			isa = PBXTargetDependency;
			target = 2F85192525E052C2001B199F /* FLIX */;
			targetProxy = 2F85194825E052C3001B199F /* PBXContainerItemProxy */;
		};
/* End PBXTargetDependency section */

/* Begin PBXVariantGroup section */
		2F85192F25E052C2001B199F /* Main.storyboard */ = {
			isa = PBXVariantGroup;
			children = (
				2F85193025E052C2001B199F /* Base */,
			);
			name = Main.storyboard;
			sourceTree = "<group>";
		};
		2F85193425E052C3001B199F /* LaunchScreen.storyboard */ = {
			isa = PBXVariantGroup;
			children = (
				2F85193525E052C3001B199F /* Base */,
			);
			name = LaunchScreen.storyboard;
			sourceTree = "<group>";
		};
/* End PBXVariantGroup section */

/* Begin XCBuildConfiguration section */
		2F85194E25E052C3001B199F /* Debug */ = {
			isa = XCBuildConfiguration;
			buildSettings = {
				ALWAYS_SEARCH_USER_PATHS = NO;
				CLANG_ANALYZER_NONNULL = YES;
				CLANG_ANALYZER_NUMBER_OBJECT_CONVERSION = YES_AGGRESSIVE;
				CLANG_CXX_LANGUAGE_STANDARD = "gnu++14";
				CLANG_CXX_LIBRARY = "libc++";
				CLANG_ENABLE_MODULES = YES;
				CLANG_ENABLE_OBJC_ARC = YES;
				CLANG_ENABLE_OBJC_WEAK = YES;
				CLANG_WARN_BLOCK_CAPTURE_AUTORELEASING = YES;
				CLANG_WARN_BOOL_CONVERSION = YES;
				CLANG_WARN_COMMA = YES;
				CLANG_WARN_CONSTANT_CONVERSION = YES;
				CLANG_WARN_DEPRECATED_OBJC_IMPLEMENTATIONS = YES;
				CLANG_WARN_DIRECT_OBJC_ISA_USAGE = YES_ERROR;
				CLANG_WARN_DOCUMENTATION_COMMENTS = YES;
				CLANG_WARN_EMPTY_BODY = YES;
				CLANG_WARN_ENUM_CONVERSION = YES;
				CLANG_WARN_INFINITE_RECURSION = YES;
				CLANG_WARN_INT_CONVERSION = YES;
				CLANG_WARN_NON_LITERAL_NULL_CONVERSION = YES;
				CLANG_WARN_OBJC_IMPLICIT_RETAIN_SELF = YES;
				CLANG_WARN_OBJC_LITERAL_CONVERSION = YES;
				CLANG_WARN_OBJC_ROOT_CLASS = YES_ERROR;
				CLANG_WARN_QUOTED_INCLUDE_IN_FRAMEWORK_HEADER = YES;
				CLANG_WARN_RANGE_LOOP_ANALYSIS = YES;
				CLANG_WARN_STRICT_PROTOTYPES = YES;
				CLANG_WARN_SUSPICIOUS_MOVE = YES;
				CLANG_WARN_UNGUARDED_AVAILABILITY = YES_AGGRESSIVE;
				CLANG_WARN_UNREACHABLE_CODE = YES;
				CLANG_WARN__DUPLICATE_METHOD_MATCH = YES;
				COPY_PHASE_STRIP = NO;
				DEBUG_INFORMATION_FORMAT = dwarf;
				ENABLE_STRICT_OBJC_MSGSEND = YES;
				ENABLE_TESTABILITY = YES;
				GCC_C_LANGUAGE_STANDARD = gnu11;
				GCC_DYNAMIC_NO_PIC = NO;
				GCC_NO_COMMON_BLOCKS = YES;
				GCC_OPTIMIZATION_LEVEL = 0;
				GCC_PREPROCESSOR_DEFINITIONS = (
					"DEBUG=1",
					"$(inherited)",
				);
				GCC_WARN_64_TO_32_BIT_CONVERSION = YES;
				GCC_WARN_ABOUT_RETURN_TYPE = YES_ERROR;
				GCC_WARN_UNDECLARED_SELECTOR = YES;
				GCC_WARN_UNINITIALIZED_AUTOS = YES_AGGRESSIVE;
				GCC_WARN_UNUSED_FUNCTION = YES;
				GCC_WARN_UNUSED_VARIABLE = YES;
				IPHONEOS_DEPLOYMENT_TARGET = 14.4;
				MTL_ENABLE_DEBUG_INFO = INCLUDE_SOURCE;
				MTL_FAST_MATH = YES;
				ONLY_ACTIVE_ARCH = YES;
				SDKROOT = iphoneos;
				SWIFT_ACTIVE_COMPILATION_CONDITIONS = DEBUG;
				SWIFT_OPTIMIZATION_LEVEL = "-Onone";
			};
			name = Debug;
		};
		2F85194F25E052C3001B199F /* Release */ = {
			isa = XCBuildConfiguration;
			buildSettings = {
				ALWAYS_SEARCH_USER_PATHS = NO;
				CLANG_ANALYZER_NONNULL = YES;
				CLANG_ANALYZER_NUMBER_OBJECT_CONVERSION = YES_AGGRESSIVE;
				CLANG_CXX_LANGUAGE_STANDARD = "gnu++14";
				CLANG_CXX_LIBRARY = "libc++";
				CLANG_ENABLE_MODULES = YES;
				CLANG_ENABLE_OBJC_ARC = YES;
				CLANG_ENABLE_OBJC_WEAK = YES;
				CLANG_WARN_BLOCK_CAPTURE_AUTORELEASING = YES;
				CLANG_WARN_BOOL_CONVERSION = YES;
				CLANG_WARN_COMMA = YES;
				CLANG_WARN_CONSTANT_CONVERSION = YES;
				CLANG_WARN_DEPRECATED_OBJC_IMPLEMENTATIONS = YES;
				CLANG_WARN_DIRECT_OBJC_ISA_USAGE = YES_ERROR;
				CLANG_WARN_DOCUMENTATION_COMMENTS = YES;
				CLANG_WARN_EMPTY_BODY = YES;
				CLANG_WARN_ENUM_CONVERSION = YES;
				CLANG_WARN_INFINITE_RECURSION = YES;
				CLANG_WARN_INT_CONVERSION = YES;
				CLANG_WARN_NON_LITERAL_NULL_CONVERSION = YES;
				CLANG_WARN_OBJC_IMPLICIT_RETAIN_SELF = YES;
				CLANG_WARN_OBJC_LITERAL_CONVERSION = YES;
				CLANG_WARN_OBJC_ROOT_CLASS = YES_ERROR;
				CLANG_WARN_QUOTED_INCLUDE_IN_FRAMEWORK_HEADER = YES;
				CLANG_WARN_RANGE_LOOP_ANALYSIS = YES;
				CLANG_WARN_STRICT_PROTOTYPES = YES;
				CLANG_WARN_SUSPICIOUS_MOVE = YES;
				CLANG_WARN_UNGUARDED_AVAILABILITY = YES_AGGRESSIVE;
				CLANG_WARN_UNREACHABLE_CODE = YES;
				CLANG_WARN__DUPLICATE_METHOD_MATCH = YES;
				COPY_PHASE_STRIP = NO;
				DEBUG_INFORMATION_FORMAT = "dwarf-with-dsym";
				ENABLE_NS_ASSERTIONS = NO;
				ENABLE_STRICT_OBJC_MSGSEND = YES;
				GCC_C_LANGUAGE_STANDARD = gnu11;
				GCC_NO_COMMON_BLOCKS = YES;
				GCC_WARN_64_TO_32_BIT_CONVERSION = YES;
				GCC_WARN_ABOUT_RETURN_TYPE = YES_ERROR;
				GCC_WARN_UNDECLARED_SELECTOR = YES;
				GCC_WARN_UNINITIALIZED_AUTOS = YES_AGGRESSIVE;
				GCC_WARN_UNUSED_FUNCTION = YES;
				GCC_WARN_UNUSED_VARIABLE = YES;
				IPHONEOS_DEPLOYMENT_TARGET = 14.4;
				MTL_ENABLE_DEBUG_INFO = NO;
				MTL_FAST_MATH = YES;
				SDKROOT = iphoneos;
				SWIFT_COMPILATION_MODE = wholemodule;
				SWIFT_OPTIMIZATION_LEVEL = "-O";
				VALIDATE_PRODUCT = YES;
			};
			name = Release;
		};
		2F85195125E052C3001B199F /* Debug */ = {
			isa = XCBuildConfiguration;
			baseConfigurationReference = A11AA14885E8ECF4DFB341D3 /* Pods-FLIX.debug.xcconfig */;
			buildSettings = {
				ASSETCATALOG_COMPILER_APPICON_NAME = AppIcon;
				ASSETCATALOG_COMPILER_GLOBAL_ACCENT_COLOR_NAME = AccentColor;
				CODE_SIGN_STYLE = Automatic;
				INFOPLIST_FILE = FLIX/Info.plist;
				LD_RUNPATH_SEARCH_PATHS = (
					"$(inherited)",
					"@executable_path/Frameworks",
				);
				PRODUCT_BUNDLE_IDENTIFIER = codepath.FLIX;
				PRODUCT_NAME = "$(TARGET_NAME)";
				SWIFT_VERSION = 5.0;
				TARGETED_DEVICE_FAMILY = "1,2";
			};
			name = Debug;
		};
		2F85195225E052C3001B199F /* Release */ = {
			isa = XCBuildConfiguration;
			baseConfigurationReference = F5D6D27088CC9D333693E90E /* Pods-FLIX.release.xcconfig */;
			buildSettings = {
				ASSETCATALOG_COMPILER_APPICON_NAME = AppIcon;
				ASSETCATALOG_COMPILER_GLOBAL_ACCENT_COLOR_NAME = AccentColor;
				CODE_SIGN_STYLE = Automatic;
				INFOPLIST_FILE = FLIX/Info.plist;
				LD_RUNPATH_SEARCH_PATHS = (
					"$(inherited)",
					"@executable_path/Frameworks",
				);
				PRODUCT_BUNDLE_IDENTIFIER = codepath.FLIX;
				PRODUCT_NAME = "$(TARGET_NAME)";
				SWIFT_VERSION = 5.0;
				TARGETED_DEVICE_FAMILY = "1,2";
			};
			name = Release;
		};
		2F85195425E052C3001B199F /* Debug */ = {
			isa = XCBuildConfiguration;
			baseConfigurationReference = 50317B8749033D338F39D10C /* Pods-FLIXTests.debug.xcconfig */;
			buildSettings = {
				ALWAYS_EMBED_SWIFT_STANDARD_LIBRARIES = YES;
				BUNDLE_LOADER = "$(TEST_HOST)";
				CODE_SIGN_STYLE = Automatic;
				INFOPLIST_FILE = FLIXTests/Info.plist;
				IPHONEOS_DEPLOYMENT_TARGET = 14.4;
				LD_RUNPATH_SEARCH_PATHS = (
					"$(inherited)",
					"@executable_path/Frameworks",
					"@loader_path/Frameworks",
				);
				PRODUCT_BUNDLE_IDENTIFIER = codepath.FLIXTests;
				PRODUCT_NAME = "$(TARGET_NAME)";
				SWIFT_VERSION = 5.0;
				TARGETED_DEVICE_FAMILY = "1,2";
				TEST_HOST = "$(BUILT_PRODUCTS_DIR)/FLIX.app/FLIX";
			};
			name = Debug;
		};
		2F85195525E052C3001B199F /* Release */ = {
			isa = XCBuildConfiguration;
			baseConfigurationReference = 15B93EC265574C22A0137B33 /* Pods-FLIXTests.release.xcconfig */;
			buildSettings = {
				ALWAYS_EMBED_SWIFT_STANDARD_LIBRARIES = YES;
				BUNDLE_LOADER = "$(TEST_HOST)";
				CODE_SIGN_STYLE = Automatic;
				INFOPLIST_FILE = FLIXTests/Info.plist;
				IPHONEOS_DEPLOYMENT_TARGET = 14.4;
				LD_RUNPATH_SEARCH_PATHS = (
					"$(inherited)",
					"@executable_path/Frameworks",
					"@loader_path/Frameworks",
				);
				PRODUCT_BUNDLE_IDENTIFIER = codepath.FLIXTests;
				PRODUCT_NAME = "$(TARGET_NAME)";
				SWIFT_VERSION = 5.0;
				TARGETED_DEVICE_FAMILY = "1,2";
				TEST_HOST = "$(BUILT_PRODUCTS_DIR)/FLIX.app/FLIX";
			};
			name = Release;
		};
		2F85195725E052C3001B199F /* Debug */ = {
			isa = XCBuildConfiguration;
			baseConfigurationReference = F5FC99D825F23FA8025C7EF0 /* Pods-FLIX-FLIXUITests.debug.xcconfig */;
			buildSettings = {
				ALWAYS_EMBED_SWIFT_STANDARD_LIBRARIES = YES;
				CODE_SIGN_STYLE = Automatic;
				INFOPLIST_FILE = FLIXUITests/Info.plist;
				LD_RUNPATH_SEARCH_PATHS = (
					"$(inherited)",
					"@executable_path/Frameworks",
					"@loader_path/Frameworks",
				);
				PRODUCT_BUNDLE_IDENTIFIER = codepath.FLIXUITests;
				PRODUCT_NAME = "$(TARGET_NAME)";
				SWIFT_VERSION = 5.0;
				TARGETED_DEVICE_FAMILY = "1,2";
				TEST_TARGET_NAME = FLIX;
			};
			name = Debug;
		};
		2F85195825E052C3001B199F /* Release */ = {
			isa = XCBuildConfiguration;
			baseConfigurationReference = C2C3A9FD6B5EA47C5B675A15 /* Pods-FLIX-FLIXUITests.release.xcconfig */;
			buildSettings = {
				ALWAYS_EMBED_SWIFT_STANDARD_LIBRARIES = YES;
				CODE_SIGN_STYLE = Automatic;
				INFOPLIST_FILE = FLIXUITests/Info.plist;
				LD_RUNPATH_SEARCH_PATHS = (
					"$(inherited)",
					"@executable_path/Frameworks",
					"@loader_path/Frameworks",
				);
				PRODUCT_BUNDLE_IDENTIFIER = codepath.FLIXUITests;
				PRODUCT_NAME = "$(TARGET_NAME)";
				SWIFT_VERSION = 5.0;
				TARGETED_DEVICE_FAMILY = "1,2";
				TEST_TARGET_NAME = FLIX;
			};
			name = Release;
		};
/* End XCBuildConfiguration section */

/* Begin XCConfigurationList section */
		2F85192125E052C2001B199F /* Build configuration list for PBXProject "FLIX" */ = {
			isa = XCConfigurationList;
			buildConfigurations = (
				2F85194E25E052C3001B199F /* Debug */,
				2F85194F25E052C3001B199F /* Release */,
			);
			defaultConfigurationIsVisible = 0;
			defaultConfigurationName = Release;
		};
		2F85195025E052C3001B199F /* Build configuration list for PBXNativeTarget "FLIX" */ = {
			isa = XCConfigurationList;
			buildConfigurations = (
				2F85195125E052C3001B199F /* Debug */,
				2F85195225E052C3001B199F /* Release */,
			);
			defaultConfigurationIsVisible = 0;
			defaultConfigurationName = Release;
		};
		2F85195325E052C3001B199F /* Build configuration list for PBXNativeTarget "FLIXTests" */ = {
			isa = XCConfigurationList;
			buildConfigurations = (
				2F85195425E052C3001B199F /* Debug */,
				2F85195525E052C3001B199F /* Release */,
			);
			defaultConfigurationIsVisible = 0;
			defaultConfigurationName = Release;
		};
		2F85195625E052C3001B199F /* Build configuration list for PBXNativeTarget "FLIXUITests" */ = {
			isa = XCConfigurationList;
			buildConfigurations = (
				2F85195725E052C3001B199F /* Debug */,
				2F85195825E052C3001B199F /* Release */,
			);
			defaultConfigurationIsVisible = 0;
			defaultConfigurationName = Release;
		};
/* End XCConfigurationList section */
	};
	rootObject = 2F85191E25E052C2001B199F /* Project object */;
}
